
Microsoft Visual Studio Solution File, Format Version 12.00
# Visual Studio 15
VisualStudioVersion = 15.0.26228.9
MinimumVisualStudioVersion = 10.0.40219.1
Project("{FAE04EC0-301F-11D3-BF4B-00C04F79EFBC}") = "csharpLibrary", "csharpLibrary\csharpLibrary.csproj", "{B0FDC3F6-19AB-49C7-A99A-0B0FEC5876C6}"
EndProject
Project("{F2A71F9B-5D33-465A-A702-920D77279786}") = "fsharpLibrary", "fsharpLibrary\fsharpLibrary.fsproj", "{7226DB21-4EED-4D0B-8A70-7E5D0FDC6977}"
EndProject
Global
	GlobalSection(SolutionConfigurationPlatforms) = preSolution
		Debug|Any CPU = Debug|Any CPU
		Release|Any CPU = Release|Any CPU
	EndGlobalSection
	GlobalSection(ProjectConfigurationPlatforms) = postSolution
		{B0FDC3F6-19AB-49C7-A99A-0B0FEC5876C6}.Debug|Any CPU.ActiveCfg = Debug|Any CPU
		{B0FDC3F6-19AB-49C7-A99A-0B0FEC5876C6}.Debug|Any CPU.Build.0 = Debug|Any CPU
		{B0FDC3F6-19AB-49C7-A99A-0B0FEC5876C6}.Release|Any CPU.ActiveCfg = Release|Any CPU
		{B0FDC3F6-19AB-49C7-A99A-0B0FEC5876C6}.Release|Any CPU.Build.0 = Release|Any CPU
		{7226DB21-4EED-4D0B-8A70-7E5D0FDC6977}.Debug|Any CPU.ActiveCfg = Debug|Any CPU
		{7226DB21-4EED-4D0B-8A70-7E5D0FDC6977}.Debug|Any CPU.Build.0 = Debug|Any CPU
		{7226DB21-4EED-4D0B-8A70-7E5D0FDC6977}.Release|Any CPU.ActiveCfg = Release|Any CPU
		{7226DB21-4EED-4D0B-8A70-7E5D0FDC6977}.Release|Any CPU.Build.0 = Release|Any CPU
	EndGlobalSection
	GlobalSection(SolutionProperties) = preSolution
		HideSolutionNode = FALSE
	EndGlobalSection
EndGlobal
